
Microsoft Visual Studio Solution File, Format Version 12.00
# Visual Studio Version 16
VisualStudioVersion = 16.0.30413.136
MinimumVisualStudioVersion = 10.0.40219.1
Project("{FAE04EC0-301F-11D3-BF4B-00C04F79EFBC}") = "DeferredLightingGL", "DeferredLightingGL\DeferredLightingGL.csproj", "{80E94745-32AD-4978-806E-33E81FADE7B0}"
EndProject
Project("{FAE04EC0-301F-11D3-BF4B-00C04F79EFBC}") = "DeferredLightingAndroid", "DeferredLightingAndroid\DeferredLightingAndroid.csproj", "{97BF9DFF-84F5-4F78-899A-FEA2D74025DD}"
EndProject
Global
	GlobalSection(SolutionConfigurationPlatforms) = preSolution
		Debug|Any CPU = Debug|Any CPU
		Release|Any CPU = Release|Any CPU
	EndGlobalSection
	GlobalSection(ProjectConfigurationPlatforms) = postSolution
		{80E94745-32AD-4978-806E-33E81FADE7B0}.Debug|Any CPU.ActiveCfg = Debug|Any CPU
		{80E94745-32AD-4978-806E-33E81FADE7B0}.Debug|Any CPU.Build.0 = Debug|Any CPU
		{80E94745-32AD-4978-806E-33E81FADE7B0}.Release|Any CPU.ActiveCfg = Release|Any CPU
		{80E94745-32AD-4978-806E-33E81FADE7B0}.Release|Any CPU.Build.0 = Release|Any CPU
		{97BF9DFF-84F5-4F78-899A-FEA2D74025DD}.Debug|Any CPU.ActiveCfg = Debug|Any CPU
		{97BF9DFF-84F5-4F78-899A-FEA2D74025DD}.Debug|Any CPU.Build.0 = Debug|Any CPU
		{97BF9DFF-84F5-4F78-899A-FEA2D74025DD}.Debug|Any CPU.Deploy.0 = Debug|Any CPU
		{97BF9DFF-84F5-4F78-899A-FEA2D74025DD}.Release|Any CPU.ActiveCfg = Release|Any CPU
		{97BF9DFF-84F5-4F78-899A-FEA2D74025DD}.Release|Any CPU.Build.0 = Release|Any CPU
		{97BF9DFF-84F5-4F78-899A-FEA2D74025DD}.Release|Any CPU.Deploy.0 = Release|Any CPU
	EndGlobalSection
	GlobalSection(SolutionProperties) = preSolution
		HideSolutionNode = FALSE
	EndGlobalSection
	GlobalSection(ExtensibilityGlobals) = postSolution
		SolutionGuid = {3E47D063-D39C-461F-AF34-8605E631CF62}
	EndGlobalSection
EndGlobal
